
Microsoft Visual Studio Solution File, Format Version 12.00
# Visual Studio Version 16
VisualStudioVersion = 16.0.30204.135
MinimumVisualStudioVersion = 10.0.40219.1
Project("{FAE04EC0-301F-11D3-BF4B-00C04F79EFBC}") = "01Shapes", "01Shapes\01Shapes.csproj", "{C0DEACC2-A55D-4E6D-B3FA-AE411A602EBB}"
EndProject
Project("{FAE04EC0-301F-11D3-BF4B-00C04F79EFBC}") = "02Cars", "02Cars\02Cars.csproj", "{1A28CAC9-68AF-4E02-8A9C-700402305FCF}"
EndProject
Global
	GlobalSection(SolutionConfigurationPlatforms) = preSolution
		Debug|Any CPU = Debug|Any CPU
		Release|Any CPU = Release|Any CPU
	EndGlobalSection
	GlobalSection(ProjectConfigurationPlatforms) = postSolution
		{C0DEACC2-A55D-4E6D-B3FA-AE411A602EBB}.Debug|Any CPU.ActiveCfg = Debug|Any CPU
		{C0DEACC2-A55D-4E6D-B3FA-AE411A602EBB}.Debug|Any CPU.Build.0 = Debug|Any CPU
		{C0DEACC2-A55D-4E6D-B3FA-AE411A602EBB}.Release|Any CPU.ActiveCfg = Release|Any CPU
		{C0DEACC2-A55D-4E6D-B3FA-AE411A602EBB}.Release|Any CPU.Build.0 = Release|Any CPU
		{1A28CAC9-68AF-4E02-8A9C-700402305FCF}.Debug|Any CPU.ActiveCfg = Debug|Any CPU
		{1A28CAC9-68AF-4E02-8A9C-700402305FCF}.Debug|Any CPU.Build.0 = Debug|Any CPU
		{1A28CAC9-68AF-4E02-8A9C-700402305FCF}.Release|Any CPU.ActiveCfg = Release|Any CPU
		{1A28CAC9-68AF-4E02-8A9C-700402305FCF}.Release|Any CPU.Build.0 = Release|Any CPU
	EndGlobalSection
	GlobalSection(SolutionProperties) = preSolution
		HideSolutionNode = FALSE
	EndGlobalSection
	GlobalSection(ExtensibilityGlobals) = postSolution
		SolutionGuid = {5DCF5190-799E-4505-AD9B-A8069921E8B7}
	EndGlobalSection
EndGlobal
