
Microsoft Visual Studio Solution File, Format Version 12.00
# Visual Studio Version 16
VisualStudioVersion = 16.0.29806.167
MinimumVisualStudioVersion = 10.0.40219.1
Project("{FAE04EC0-301F-11D3-BF4B-00C04F79EFBC}") = "CustomDoublyLinkedList", "CustomDoublyLinkedList\CustomDoublyLinkedList.csproj", "{EA34230E-1A7F-4F6A-8F43-1A8CF95E57A6}"
EndProject
Global
	GlobalSection(SolutionConfigurationPlatforms) = preSolution
		Debug|Any CPU = Debug|Any CPU
		Release|Any CPU = Release|Any CPU
	EndGlobalSection
	GlobalSection(ProjectConfigurationPlatforms) = postSolution
		{EA34230E-1A7F-4F6A-8F43-1A8CF95E57A6}.Debug|Any CPU.ActiveCfg = Debug|Any CPU
		{EA34230E-1A7F-4F6A-8F43-1A8CF95E57A6}.Debug|Any CPU.Build.0 = Debug|Any CPU
		{EA34230E-1A7F-4F6A-8F43-1A8CF95E57A6}.Release|Any CPU.ActiveCfg = Release|Any CPU
		{EA34230E-1A7F-4F6A-8F43-1A8CF95E57A6}.Release|Any CPU.Build.0 = Release|Any CPU
	EndGlobalSection
	GlobalSection(SolutionProperties) = preSolution
		HideSolutionNode = FALSE
	EndGlobalSection
	GlobalSection(ExtensibilityGlobals) = postSolution
		SolutionGuid = {44FCFD18-4E3E-48BF-8184-98604C6B84A4}
	EndGlobalSection
EndGlobal
