
Microsoft Visual Studio Solution File, Format Version 12.00
# Visual Studio Version 16
VisualStudioVersion = 16.0.29806.167
MinimumVisualStudioVersion = 10.0.40219.1
Project("{FAE04EC0-301F-11D3-BF4B-00C04F79EFBC}") = "01ReverseStrings", "01ReverseStrings\01ReverseStrings.csproj", "{8CF35DA8-E16D-452C-AE34-D336A0D850FC}"
EndProject
Project("{FAE04EC0-301F-11D3-BF4B-00C04F79EFBC}") = "02StackSum", "02StackSum\02StackSum.csproj", "{3D501524-2075-4388-8D25-516717ADF0FB}"
EndProject
Project("{FAE04EC0-301F-11D3-BF4B-00C04F79EFBC}") = "03SimpleCalculator", "03SimpleCalculator\03SimpleCalculator.csproj", "{CE8A5B95-185A-42E7-A50A-7888D5C1A87D}"
EndProject
Project("{FAE04EC0-301F-11D3-BF4B-00C04F79EFBC}") = "04MatchingBrackets", "04MatchingBrackets\04MatchingBrackets.csproj", "{72EB7F7B-FC35-4BA7-A3E4-6B46663F706A}"
EndProject
Project("{FAE04EC0-301F-11D3-BF4B-00C04F79EFBC}") = "05PrintEvenNumbers", "05PrintEvenNumbers\05PrintEvenNumbers.csproj", "{D9158E0D-88D3-485E-8677-B12BA8F5A725}"
EndProject
Project("{FAE04EC0-301F-11D3-BF4B-00C04F79EFBC}") = "06Supermarket", "06Supermarket\06Supermarket.csproj", "{C953AFFA-F8E7-4F85-9387-207138C93BC5}"
EndProject
Project("{FAE04EC0-301F-11D3-BF4B-00C04F79EFBC}") = "07HotPotato", "07HotPotato\07HotPotato.csproj", "{E1FF276D-A2B2-4BA3-9294-3ABDCE43763C}"
EndProject
Project("{FAE04EC0-301F-11D3-BF4B-00C04F79EFBC}") = "08TrafficJam", "08TrafficJam\08TrafficJam.csproj", "{BF950C8C-F62A-4D02-A3C6-DDBC0A0AD4CC}"
EndProject
Global
	GlobalSection(SolutionConfigurationPlatforms) = preSolution
		Debug|Any CPU = Debug|Any CPU
		Release|Any CPU = Release|Any CPU
	EndGlobalSection
	GlobalSection(ProjectConfigurationPlatforms) = postSolution
		{8CF35DA8-E16D-452C-AE34-D336A0D850FC}.Debug|Any CPU.ActiveCfg = Debug|Any CPU
		{8CF35DA8-E16D-452C-AE34-D336A0D850FC}.Debug|Any CPU.Build.0 = Debug|Any CPU
		{8CF35DA8-E16D-452C-AE34-D336A0D850FC}.Release|Any CPU.ActiveCfg = Release|Any CPU
		{8CF35DA8-E16D-452C-AE34-D336A0D850FC}.Release|Any CPU.Build.0 = Release|Any CPU
		{3D501524-2075-4388-8D25-516717ADF0FB}.Debug|Any CPU.ActiveCfg = Debug|Any CPU
		{3D501524-2075-4388-8D25-516717ADF0FB}.Debug|Any CPU.Build.0 = Debug|Any CPU
		{3D501524-2075-4388-8D25-516717ADF0FB}.Release|Any CPU.ActiveCfg = Release|Any CPU
		{3D501524-2075-4388-8D25-516717ADF0FB}.Release|Any CPU.Build.0 = Release|Any CPU
		{CE8A5B95-185A-42E7-A50A-7888D5C1A87D}.Debug|Any CPU.ActiveCfg = Debug|Any CPU
		{CE8A5B95-185A-42E7-A50A-7888D5C1A87D}.Debug|Any CPU.Build.0 = Debug|Any CPU
		{CE8A5B95-185A-42E7-A50A-7888D5C1A87D}.Release|Any CPU.ActiveCfg = Release|Any CPU
		{CE8A5B95-185A-42E7-A50A-7888D5C1A87D}.Release|Any CPU.Build.0 = Release|Any CPU
		{72EB7F7B-FC35-4BA7-A3E4-6B46663F706A}.Debug|Any CPU.ActiveCfg = Debug|Any CPU
		{72EB7F7B-FC35-4BA7-A3E4-6B46663F706A}.Debug|Any CPU.Build.0 = Debug|Any CPU
		{72EB7F7B-FC35-4BA7-A3E4-6B46663F706A}.Release|Any CPU.ActiveCfg = Release|Any CPU
		{72EB7F7B-FC35-4BA7-A3E4-6B46663F706A}.Release|Any CPU.Build.0 = Release|Any CPU
		{D9158E0D-88D3-485E-8677-B12BA8F5A725}.Debug|Any CPU.ActiveCfg = Debug|Any CPU
		{D9158E0D-88D3-485E-8677-B12BA8F5A725}.Debug|Any CPU.Build.0 = Debug|Any CPU
		{D9158E0D-88D3-485E-8677-B12BA8F5A725}.Release|Any CPU.ActiveCfg = Release|Any CPU
		{D9158E0D-88D3-485E-8677-B12BA8F5A725}.Release|Any CPU.Build.0 = Release|Any CPU
		{C953AFFA-F8E7-4F85-9387-207138C93BC5}.Debug|Any CPU.ActiveCfg = Debug|Any CPU
		{C953AFFA-F8E7-4F85-9387-207138C93BC5}.Debug|Any CPU.Build.0 = Debug|Any CPU
		{C953AFFA-F8E7-4F85-9387-207138C93BC5}.Release|Any CPU.ActiveCfg = Release|Any CPU
		{C953AFFA-F8E7-4F85-9387-207138C93BC5}.Release|Any CPU.Build.0 = Release|Any CPU
		{E1FF276D-A2B2-4BA3-9294-3ABDCE43763C}.Debug|Any CPU.ActiveCfg = Debug|Any CPU
		{E1FF276D-A2B2-4BA3-9294-3ABDCE43763C}.Debug|Any CPU.Build.0 = Debug|Any CPU
		{E1FF276D-A2B2-4BA3-9294-3ABDCE43763C}.Release|Any CPU.ActiveCfg = Release|Any CPU
		{E1FF276D-A2B2-4BA3-9294-3ABDCE43763C}.Release|Any CPU.Build.0 = Release|Any CPU
		{BF950C8C-F62A-4D02-A3C6-DDBC0A0AD4CC}.Debug|Any CPU.ActiveCfg = Debug|Any CPU
		{BF950C8C-F62A-4D02-A3C6-DDBC0A0AD4CC}.Debug|Any CPU.Build.0 = Debug|Any CPU
		{BF950C8C-F62A-4D02-A3C6-DDBC0A0AD4CC}.Release|Any CPU.ActiveCfg = Release|Any CPU
		{BF950C8C-F62A-4D02-A3C6-DDBC0A0AD4CC}.Release|Any CPU.Build.0 = Release|Any CPU
	EndGlobalSection
	GlobalSection(SolutionProperties) = preSolution
		HideSolutionNode = FALSE
	EndGlobalSection
	GlobalSection(ExtensibilityGlobals) = postSolution
		SolutionGuid = {92C09635-9040-40AE-895F-32063F15B8C9}
	EndGlobalSection
EndGlobal
