
Microsoft Visual Studio Solution File, Format Version 12.00
# Visual Studio Version 16
VisualStudioVersion = 16.0.29806.167
MinimumVisualStudioVersion = 10.0.40219.1
Project("{9A19103F-16F7-4668-BE54-9A1E7A4F7556}") = "01Bombs", "01Problem\01Bombs.csproj", "{AF4ACFAE-8387-4824-AE65-AD8967D83158}"
EndProject
Project("{9A19103F-16F7-4668-BE54-9A1E7A4F7556}") = "02Snake", "02Problem\02Snake.csproj", "{564EB63F-87EC-4261-83F8-AF921B7DEE00}"
EndProject
Project("{9A19103F-16F7-4668-BE54-9A1E7A4F7556}") = "03Parking", "03Problem\03Parking.csproj", "{CDC09A42-FBC7-44A5-A057-2192AEA70434}"
EndProject
Global
	GlobalSection(SolutionConfigurationPlatforms) = preSolution
		Debug|Any CPU = Debug|Any CPU
		Release|Any CPU = Release|Any CPU
	EndGlobalSection
	GlobalSection(ProjectConfigurationPlatforms) = postSolution
		{AF4ACFAE-8387-4824-AE65-AD8967D83158}.Debug|Any CPU.ActiveCfg = Debug|Any CPU
		{AF4ACFAE-8387-4824-AE65-AD8967D83158}.Debug|Any CPU.Build.0 = Debug|Any CPU
		{AF4ACFAE-8387-4824-AE65-AD8967D83158}.Release|Any CPU.ActiveCfg = Release|Any CPU
		{AF4ACFAE-8387-4824-AE65-AD8967D83158}.Release|Any CPU.Build.0 = Release|Any CPU
		{564EB63F-87EC-4261-83F8-AF921B7DEE00}.Debug|Any CPU.ActiveCfg = Debug|Any CPU
		{564EB63F-87EC-4261-83F8-AF921B7DEE00}.Debug|Any CPU.Build.0 = Debug|Any CPU
		{564EB63F-87EC-4261-83F8-AF921B7DEE00}.Release|Any CPU.ActiveCfg = Release|Any CPU
		{564EB63F-87EC-4261-83F8-AF921B7DEE00}.Release|Any CPU.Build.0 = Release|Any CPU
		{CDC09A42-FBC7-44A5-A057-2192AEA70434}.Debug|Any CPU.ActiveCfg = Debug|Any CPU
		{CDC09A42-FBC7-44A5-A057-2192AEA70434}.Debug|Any CPU.Build.0 = Debug|Any CPU
		{CDC09A42-FBC7-44A5-A057-2192AEA70434}.Release|Any CPU.ActiveCfg = Release|Any CPU
		{CDC09A42-FBC7-44A5-A057-2192AEA70434}.Release|Any CPU.Build.0 = Release|Any CPU
	EndGlobalSection
	GlobalSection(SolutionProperties) = preSolution
		HideSolutionNode = FALSE
	EndGlobalSection
	GlobalSection(ExtensibilityGlobals) = postSolution
		SolutionGuid = {86D1F1F9-38D4-4BF0-81C5-A5BE420367DE}
	EndGlobalSection
EndGlobal
