
Microsoft Visual Studio Solution File, Format Version 12.00
# Visual Studio Version 16
VisualStudioVersion = 16.0.30309.148
MinimumVisualStudioVersion = 10.0.40219.1
Project("{9A19103F-16F7-4668-BE54-9A1E7A4F7556}") = "OnlineShop", "OnlineShop\OnlineShop.csproj", "{06963D4B-2228-4EB7-9B1B-6FBD87584D72}"
EndProject
Project("{9A19103F-16F7-4668-BE54-9A1E7A4F7556}") = "Computers", "Computers\Computers.csproj", "{BEBD44CA-2645-4E59-831F-C2CF8B7646EC}"
EndProject
Project("{9A19103F-16F7-4668-BE54-9A1E7A4F7556}") = "Computers.Tests", "Computers.Tests\Computers.Tests.csproj", "{5EF320F8-F252-4DE1-AC8D-E410051B57FC}"
EndProject
Project("{FAE04EC0-301F-11D3-BF4B-00C04F79EFBC}") = "Store", "Store\Store.csproj", "{BA62FE54-799D-483D-9577-832E19D1D03D}"
EndProject
Project("{FAE04EC0-301F-11D3-BF4B-00C04F79EFBC}") = "Store.Tests", "Store.Tests\Store.Tests.csproj", "{458C7223-AE5B-4CBA-88C7-4150F6D4B3D8}"
EndProject
Global
	GlobalSection(SolutionConfigurationPlatforms) = preSolution
		Debug|Any CPU = Debug|Any CPU
		Release|Any CPU = Release|Any CPU
	EndGlobalSection
	GlobalSection(ProjectConfigurationPlatforms) = postSolution
		{06963D4B-2228-4EB7-9B1B-6FBD87584D72}.Debug|Any CPU.ActiveCfg = Debug|Any CPU
		{06963D4B-2228-4EB7-9B1B-6FBD87584D72}.Debug|Any CPU.Build.0 = Debug|Any CPU
		{06963D4B-2228-4EB7-9B1B-6FBD87584D72}.Release|Any CPU.ActiveCfg = Release|Any CPU
		{06963D4B-2228-4EB7-9B1B-6FBD87584D72}.Release|Any CPU.Build.0 = Release|Any CPU
		{BEBD44CA-2645-4E59-831F-C2CF8B7646EC}.Debug|Any CPU.ActiveCfg = Debug|Any CPU
		{BEBD44CA-2645-4E59-831F-C2CF8B7646EC}.Debug|Any CPU.Build.0 = Debug|Any CPU
		{BEBD44CA-2645-4E59-831F-C2CF8B7646EC}.Release|Any CPU.ActiveCfg = Release|Any CPU
		{BEBD44CA-2645-4E59-831F-C2CF8B7646EC}.Release|Any CPU.Build.0 = Release|Any CPU
		{5EF320F8-F252-4DE1-AC8D-E410051B57FC}.Debug|Any CPU.ActiveCfg = Debug|Any CPU
		{5EF320F8-F252-4DE1-AC8D-E410051B57FC}.Debug|Any CPU.Build.0 = Debug|Any CPU
		{5EF320F8-F252-4DE1-AC8D-E410051B57FC}.Release|Any CPU.ActiveCfg = Release|Any CPU
		{5EF320F8-F252-4DE1-AC8D-E410051B57FC}.Release|Any CPU.Build.0 = Release|Any CPU
		{BA62FE54-799D-483D-9577-832E19D1D03D}.Debug|Any CPU.ActiveCfg = Debug|Any CPU
		{BA62FE54-799D-483D-9577-832E19D1D03D}.Debug|Any CPU.Build.0 = Debug|Any CPU
		{BA62FE54-799D-483D-9577-832E19D1D03D}.Release|Any CPU.ActiveCfg = Release|Any CPU
		{BA62FE54-799D-483D-9577-832E19D1D03D}.Release|Any CPU.Build.0 = Release|Any CPU
		{458C7223-AE5B-4CBA-88C7-4150F6D4B3D8}.Debug|Any CPU.ActiveCfg = Debug|Any CPU
		{458C7223-AE5B-4CBA-88C7-4150F6D4B3D8}.Debug|Any CPU.Build.0 = Debug|Any CPU
		{458C7223-AE5B-4CBA-88C7-4150F6D4B3D8}.Release|Any CPU.ActiveCfg = Release|Any CPU
		{458C7223-AE5B-4CBA-88C7-4150F6D4B3D8}.Release|Any CPU.Build.0 = Release|Any CPU
	EndGlobalSection
	GlobalSection(SolutionProperties) = preSolution
		HideSolutionNode = FALSE
	EndGlobalSection
	GlobalSection(ExtensibilityGlobals) = postSolution
		SolutionGuid = {86ADE976-00AC-4BBE-9A57-F71DED3F743D}
	EndGlobalSection
EndGlobal
