
Microsoft Visual Studio Solution File, Format Version 12.00
# Visual Studio Version 16
VisualStudioVersion = 16.0.29806.167
MinimumVisualStudioVersion = 10.0.40219.1
Project("{FAE04EC0-301F-11D3-BF4B-00C04F79EFBC}") = "01Car", "01Car\01Car.csproj", "{B9791A6C-BE36-4FB4-B2D8-0A2C2A1AFB98}"
EndProject
Project("{FAE04EC0-301F-11D3-BF4B-00C04F79EFBC}") = "02CarExtension", "02CarExtension\02CarExtension.csproj", "{5F2E1E75-3948-4512-B251-71B64FE6A520}"
EndProject
Project("{FAE04EC0-301F-11D3-BF4B-00C04F79EFBC}") = "03CarConstructors", "03CarConstructors\03CarConstructors.csproj", "{120FDFCD-5162-41C9-A6A1-3E412F4BC914}"
EndProject
Project("{FAE04EC0-301F-11D3-BF4B-00C04F79EFBC}") = "04CarEngineAndTires", "04CarEngineAndTires\04CarEngineAndTires.csproj", "{2B65034A-41E1-40AC-8AA7-39E987DC175F}"
EndProject
Project("{FAE04EC0-301F-11D3-BF4B-00C04F79EFBC}") = "05SpecialCars", "05SpecialCars\05SpecialCars.csproj", "{7BC4EBB9-F034-451E-82E1-2C7CF3E6A4EF}"
EndProject
Global
	GlobalSection(SolutionConfigurationPlatforms) = preSolution
		Debug|Any CPU = Debug|Any CPU
		Release|Any CPU = Release|Any CPU
	EndGlobalSection
	GlobalSection(ProjectConfigurationPlatforms) = postSolution
		{B9791A6C-BE36-4FB4-B2D8-0A2C2A1AFB98}.Debug|Any CPU.ActiveCfg = Debug|Any CPU
		{B9791A6C-BE36-4FB4-B2D8-0A2C2A1AFB98}.Debug|Any CPU.Build.0 = Debug|Any CPU
		{B9791A6C-BE36-4FB4-B2D8-0A2C2A1AFB98}.Release|Any CPU.ActiveCfg = Release|Any CPU
		{B9791A6C-BE36-4FB4-B2D8-0A2C2A1AFB98}.Release|Any CPU.Build.0 = Release|Any CPU
		{5F2E1E75-3948-4512-B251-71B64FE6A520}.Debug|Any CPU.ActiveCfg = Debug|Any CPU
		{5F2E1E75-3948-4512-B251-71B64FE6A520}.Debug|Any CPU.Build.0 = Debug|Any CPU
		{5F2E1E75-3948-4512-B251-71B64FE6A520}.Release|Any CPU.ActiveCfg = Release|Any CPU
		{5F2E1E75-3948-4512-B251-71B64FE6A520}.Release|Any CPU.Build.0 = Release|Any CPU
		{120FDFCD-5162-41C9-A6A1-3E412F4BC914}.Debug|Any CPU.ActiveCfg = Debug|Any CPU
		{120FDFCD-5162-41C9-A6A1-3E412F4BC914}.Debug|Any CPU.Build.0 = Debug|Any CPU
		{120FDFCD-5162-41C9-A6A1-3E412F4BC914}.Release|Any CPU.ActiveCfg = Release|Any CPU
		{120FDFCD-5162-41C9-A6A1-3E412F4BC914}.Release|Any CPU.Build.0 = Release|Any CPU
		{2B65034A-41E1-40AC-8AA7-39E987DC175F}.Debug|Any CPU.ActiveCfg = Debug|Any CPU
		{2B65034A-41E1-40AC-8AA7-39E987DC175F}.Debug|Any CPU.Build.0 = Debug|Any CPU
		{2B65034A-41E1-40AC-8AA7-39E987DC175F}.Release|Any CPU.ActiveCfg = Release|Any CPU
		{2B65034A-41E1-40AC-8AA7-39E987DC175F}.Release|Any CPU.Build.0 = Release|Any CPU
		{7BC4EBB9-F034-451E-82E1-2C7CF3E6A4EF}.Debug|Any CPU.ActiveCfg = Debug|Any CPU
		{7BC4EBB9-F034-451E-82E1-2C7CF3E6A4EF}.Debug|Any CPU.Build.0 = Debug|Any CPU
		{7BC4EBB9-F034-451E-82E1-2C7CF3E6A4EF}.Release|Any CPU.ActiveCfg = Release|Any CPU
		{7BC4EBB9-F034-451E-82E1-2C7CF3E6A4EF}.Release|Any CPU.Build.0 = Release|Any CPU
	EndGlobalSection
	GlobalSection(SolutionProperties) = preSolution
		HideSolutionNode = FALSE
	EndGlobalSection
	GlobalSection(ExtensibilityGlobals) = postSolution
		SolutionGuid = {7E10488D-11DC-4124-A6FF-2269B643C60E}
	EndGlobalSection
EndGlobal
