
Microsoft Visual Studio Solution File, Format Version 12.00
# Visual Studio Version 16
VisualStudioVersion = 16.0.29806.167
MinimumVisualStudioVersion = 10.0.40219.1
Project("{FAE04EC0-301F-11D3-BF4B-00C04F79EFBC}") = "01DatingApp", "01DatingApp\01DatingApp.csproj", "{CF83A5E2-030F-4666-AEC6-6871EBC1BB25}"
EndProject
Project("{FAE04EC0-301F-11D3-BF4B-00C04F79EFBC}") = "02BookWorm", "02BookWorm\02BookWorm.csproj", "{BC338052-5B3D-405E-AB99-4B87EF946B1E}"
EndProject
Project("{FAE04EC0-301F-11D3-BF4B-00C04F79EFBC}") = "03Rabbits", "03Rabbits\03Rabbits.csproj", "{E2683E07-73DE-49EB-A60A-1C02D8BFB22D}"
EndProject
Global
	GlobalSection(SolutionConfigurationPlatforms) = preSolution
		Debug|Any CPU = Debug|Any CPU
		Release|Any CPU = Release|Any CPU
	EndGlobalSection
	GlobalSection(ProjectConfigurationPlatforms) = postSolution
		{CF83A5E2-030F-4666-AEC6-6871EBC1BB25}.Debug|Any CPU.ActiveCfg = Debug|Any CPU
		{CF83A5E2-030F-4666-AEC6-6871EBC1BB25}.Debug|Any CPU.Build.0 = Debug|Any CPU
		{CF83A5E2-030F-4666-AEC6-6871EBC1BB25}.Release|Any CPU.ActiveCfg = Release|Any CPU
		{CF83A5E2-030F-4666-AEC6-6871EBC1BB25}.Release|Any CPU.Build.0 = Release|Any CPU
		{BC338052-5B3D-405E-AB99-4B87EF946B1E}.Debug|Any CPU.ActiveCfg = Debug|Any CPU
		{BC338052-5B3D-405E-AB99-4B87EF946B1E}.Debug|Any CPU.Build.0 = Debug|Any CPU
		{BC338052-5B3D-405E-AB99-4B87EF946B1E}.Release|Any CPU.ActiveCfg = Release|Any CPU
		{BC338052-5B3D-405E-AB99-4B87EF946B1E}.Release|Any CPU.Build.0 = Release|Any CPU
		{E2683E07-73DE-49EB-A60A-1C02D8BFB22D}.Debug|Any CPU.ActiveCfg = Debug|Any CPU
		{E2683E07-73DE-49EB-A60A-1C02D8BFB22D}.Debug|Any CPU.Build.0 = Debug|Any CPU
		{E2683E07-73DE-49EB-A60A-1C02D8BFB22D}.Release|Any CPU.ActiveCfg = Release|Any CPU
		{E2683E07-73DE-49EB-A60A-1C02D8BFB22D}.Release|Any CPU.Build.0 = Release|Any CPU
	EndGlobalSection
	GlobalSection(SolutionProperties) = preSolution
		HideSolutionNode = FALSE
	EndGlobalSection
	GlobalSection(ExtensibilityGlobals) = postSolution
		SolutionGuid = {0B856054-3D86-46F5-90F0-8F202E4BAA08}
	EndGlobalSection
EndGlobal
